// !$*UTF8*$!
{
	archiveVersion = 1;
	classes = {
	};
	objectVersion = 46;
	objects = {

/* Begin PBXBuildFile section */
		83C3FDB01CED1A9F008B1BE0 /* AppDelegate.swift in Sources */ = {isa = PBXBuildFile; fileRef = 83C3FDAF1CED1A9F008B1BE0 /* AppDelegate.swift */; };
		83C3FDB21CED1A9F008B1BE0 /* ViewController.swift in Sources */ = {isa = PBXBuildFile; fileRef = 83C3FDB11CED1A9F008B1BE0 /* ViewController.swift */; };
		83C3FDB51CED1A9F008B1BE0 /* Main.storyboard in Resources */ = {isa = PBXBuildFile; fileRef = 83C3FDB31CED1A9F008B1BE0 /* Main.storyboard */; };
		83C3FDB71CED1A9F008B1BE0 /* Assets.xcassets in Resources */ = {isa = PBXBuildFile; fileRef = 83C3FDB61CED1A9F008B1BE0 /* Assets.xcassets */; };
		83C3FDBA1CED1A9F008B1BE0 /* LaunchScreen.storyboard in Resources */ = {isa = PBXBuildFile; fileRef = 83C3FDB81CED1A9F008B1BE0 /* LaunchScreen.storyboard */; };
		843EDA5A1D343BC000363EA0 /* Taco_FinderUITests.swift in Sources */ = {isa = PBXBuildFile; fileRef = 843EDA591D343BC000363EA0 /* Taco_FinderUITests.swift */; };
/* End PBXBuildFile section */

/* Begin PBXContainerItemProxy section */
		843EDA5C1D343BC000363EA0 /* PBXContainerItemProxy */ = {
			isa = PBXContainerItemProxy;
			containerPortal = 83C3FDA41CED1A9E008B1BE0 /* Project object */;
			proxyType = 1;
			remoteGlobalIDString = 83C3FDAB1CED1A9E008B1BE0;
			remoteInfo = "Taco Finder";
		};
/* End PBXContainerItemProxy section */

/* Begin PBXFileReference section */
		83C3FDAC1CED1A9E008B1BE0 /* Taco Finder.app */ = {isa = PBXFileReference; explicitFileType = wrapper.application; includeInIndex = 0; path = "Taco Finder.app"; sourceTree = BUILT_PRODUCTS_DIR; };
		83C3FDAF1CED1A9F008B1BE0 /* AppDelegate.swift */ = {isa = PBXFileReference; lastKnownFileType = sourcecode.swift; path = AppDelegate.swift; sourceTree = "<group>"; };
		83C3FDB11CED1A9F008B1BE0 /* ViewController.swift */ = {isa = PBXFileReference; lastKnownFileType = sourcecode.swift; path = ViewController.swift; sourceTree = "<group>"; };
		83C3FDB41CED1A9F008B1BE0 /* Base */ = {isa = PBXFileReference; lastKnownFileType = file.storyboard; name = Base; path = Base.lproj/Main.storyboard; sourceTree = "<group>"; };
		83C3FDB61CED1A9F008B1BE0 /* Assets.xcassets */ = {isa = PBXFileReference; lastKnownFileType = folder.assetcatalog; path = Assets.xcassets; sourceTree = "<group>"; };
		83C3FDB91CED1A9F008B1BE0 /* Base */ = {isa = PBXFileReference; lastKnownFileType = file.storyboard; name = Base; path = Base.lproj/LaunchScreen.storyboard; sourceTree = "<group>"; };
		83C3FDBB1CED1A9F008B1BE0 /* Info.plist */ = {isa = PBXFileReference; lastKnownFileType = text.plist.xml; path = Info.plist; sourceTree = "<group>"; };
		843EDA571D343BC000363EA0 /* Taco FinderUITests.xctest */ = {isa = PBXFileReference; explicitFileType = wrapper.cfbundle; includeInIndex = 0; path = "Taco FinderUITests.xctest"; sourceTree = BUILT_PRODUCTS_DIR; };
		843EDA591D343BC000363EA0 /* Taco_FinderUITests.swift */ = {isa = PBXFileReference; lastKnownFileType = sourcecode.swift; path = Taco_FinderUITests.swift; sourceTree = "<group>"; };
		843EDA5B1D343BC000363EA0 /* Info.plist */ = {isa = PBXFileReference; lastKnownFileType = text.plist.xml; path = Info.plist; sourceTree = "<group>"; };
/* End PBXFileReference section */

/* Begin PBXFrameworksBuildPhase section */
		83C3FDA91CED1A9E008B1BE0 /* Frameworks */ = {
			isa = PBXFrameworksBuildPhase;
			buildActionMask = 2147483647;
			files = (
			);
			runOnlyForDeploymentPostprocessing = 0;
		};
		843EDA541D343BC000363EA0 /* Frameworks */ = {
			isa = PBXFrameworksBuildPhase;
			buildActionMask = 2147483647;
			files = (
			);
			runOnlyForDeploymentPostprocessing = 0;
		};
/* End PBXFrameworksBuildPhase section */

/* Begin PBXGroup section */
		83C3FDA31CED1A9E008B1BE0 = {
			isa = PBXGroup;
			children = (
				83C3FDAE1CED1A9F008B1BE0 /* Taco Finder */,
				843EDA581D343BC000363EA0 /* Taco FinderUITests */,
				83C3FDAD1CED1A9E008B1BE0 /* Products */,
			);
			sourceTree = "<group>";
		};
		83C3FDAD1CED1A9E008B1BE0 /* Products */ = {
			isa = PBXGroup;
			children = (
				83C3FDAC1CED1A9E008B1BE0 /* Taco Finder.app */,
				843EDA571D343BC000363EA0 /* Taco FinderUITests.xctest */,
			);
			name = Products;
			sourceTree = "<group>";
		};
		83C3FDAE1CED1A9F008B1BE0 /* Taco Finder */ = {
			isa = PBXGroup;
			children = (
				83C3FDAF1CED1A9F008B1BE0 /* AppDelegate.swift */,
				83C3FDB11CED1A9F008B1BE0 /* ViewController.swift */,
				83C3FDB31CED1A9F008B1BE0 /* Main.storyboard */,
				83C3FDB61CED1A9F008B1BE0 /* Assets.xcassets */,
				83C3FDB81CED1A9F008B1BE0 /* LaunchScreen.storyboard */,
				83C3FDBB1CED1A9F008B1BE0 /* Info.plist */,
			);
			path = "Taco Finder";
			sourceTree = "<group>";
		};
		843EDA581D343BC000363EA0 /* Taco FinderUITests */ = {
			isa = PBXGroup;
			children = (
				843EDA591D343BC000363EA0 /* Taco_FinderUITests.swift */,
				843EDA5B1D343BC000363EA0 /* Info.plist */,
			);
			path = "Taco FinderUITests";
			sourceTree = "<group>";
		};
/* End PBXGroup section */

/* Begin PBXNativeTarget section */
		83C3FDAB1CED1A9E008B1BE0 /* Taco Finder */ = {
			isa = PBXNativeTarget;
			buildConfigurationList = 83C3FDBE1CED1A9F008B1BE0 /* Build configuration list for PBXNativeTarget "Taco Finder" */;
			buildPhases = (
				83C3FDA81CED1A9E008B1BE0 /* Sources */,
				83C3FDA91CED1A9E008B1BE0 /* Frameworks */,
				83C3FDAA1CED1A9E008B1BE0 /* Resources */,
			);
			buildRules = (
			);
			dependencies = (
			);
			name = "Taco Finder";
			productName = "Taco Finder";
			productReference = 83C3FDAC1CED1A9E008B1BE0 /* Taco Finder.app */;
			productType = "com.apple.product-type.application";
		};
		843EDA561D343BC000363EA0 /* Taco FinderUITests */ = {
			isa = PBXNativeTarget;
			buildConfigurationList = 843EDA611D343BC000363EA0 /* Build configuration list for PBXNativeTarget "Taco FinderUITests" */;
			buildPhases = (
				843EDA531D343BC000363EA0 /* Sources */,
				843EDA541D343BC000363EA0 /* Frameworks */,
				843EDA551D343BC000363EA0 /* Resources */,
			);
			buildRules = (
			);
			dependencies = (
				843EDA5D1D343BC000363EA0 /* PBXTargetDependency */,
			);
			name = "Taco FinderUITests";
			productName = "Taco FinderUITests";
			productReference = 843EDA571D343BC000363EA0 /* Taco FinderUITests.xctest */;
			productType = "com.apple.product-type.bundle.ui-testing";
		};
/* End PBXNativeTarget section */

/* Begin PBXProject section */
		83C3FDA41CED1A9E008B1BE0 /* Project object */ = {
			isa = PBXProject;
			attributes = {
				LastSwiftUpdateCheck = 0730;
				LastUpgradeCheck = 0730;
				ORGANIZATIONNAME = buddybuild;
				TargetAttributes = {
					83C3FDAB1CED1A9E008B1BE0 = {
						CreatedOnToolsVersion = 7.3;
					};
					843EDA561D343BC000363EA0 = {
						CreatedOnToolsVersion = 7.3.1;
						TestTargetID = 83C3FDAB1CED1A9E008B1BE0;
					};
				};
			};
			buildConfigurationList = 83C3FDA71CED1A9E008B1BE0 /* Build configuration list for PBXProject "Taco Finder" */;
			compatibilityVersion = "Xcode 3.2";
			developmentRegion = English;
			hasScannedForEncodings = 0;
			knownRegions = (
				en,
				Base,
			);
			mainGroup = 83C3FDA31CED1A9E008B1BE0;
			productRefGroup = 83C3FDAD1CED1A9E008B1BE0 /* Products */;
			projectDirPath = "";
			projectRoot = "";
			targets = (
				83C3FDAB1CED1A9E008B1BE0 /* Taco Finder */,
				843EDA561D343BC000363EA0 /* Taco FinderUITests */,
			);
		};
/* End PBXProject section */

/* Begin PBXResourcesBuildPhase section */
		83C3FDAA1CED1A9E008B1BE0 /* Resources */ = {
			isa = PBXResourcesBuildPhase;
			buildActionMask = 2147483647;
			files = (
				83C3FDBA1CED1A9F008B1BE0 /* LaunchScreen.storyboard in Resources */,
				83C3FDB71CED1A9F008B1BE0 /* Assets.xcassets in Resources */,
				83C3FDB51CED1A9F008B1BE0 /* Main.storyboard in Resources */,
			);
			runOnlyForDeploymentPostprocessing = 0;
		};
		843EDA551D343BC000363EA0 /* Resources */ = {
			isa = PBXResourcesBuildPhase;
			buildActionMask = 2147483647;
			files = (
			);
			runOnlyForDeploymentPostprocessing = 0;
		};
/* End PBXResourcesBuildPhase section */

/* Begin PBXSourcesBuildPhase section */
		83C3FDA81CED1A9E008B1BE0 /* Sources */ = {
			isa = PBXSourcesBuildPhase;
			buildActionMask = 2147483647;
			files = (
				83C3FDB21CED1A9F008B1BE0 /* ViewController.swift in Sources */,
				83C3FDB01CED1A9F008B1BE0 /* AppDelegate.swift in Sources */,
			);
			runOnlyForDeploymentPostprocessing = 0;
		};
		843EDA531D343BC000363EA0 /* Sources */ = {
			isa = PBXSourcesBuildPhase;
			buildActionMask = 2147483647;
			files = (
				843EDA5A1D343BC000363EA0 /* Taco_FinderUITests.swift in Sources */,
			);
			runOnlyForDeploymentPostprocessing = 0;
		};
/* End PBXSourcesBuildPhase section */

/* Begin PBXTargetDependency section */
		843EDA5D1D343BC000363EA0 /* PBXTargetDependency */ = {
			isa = PBXTargetDependency;
			target = 83C3FDAB1CED1A9E008B1BE0 /* Taco Finder */;
			targetProxy = 843EDA5C1D343BC000363EA0 /* PBXContainerItemProxy */;
		};
/* End PBXTargetDependency section */

/* Begin PBXVariantGroup section */
		83C3FDB31CED1A9F008B1BE0 /* Main.storyboard */ = {
			isa = PBXVariantGroup;
			children = (
				83C3FDB41CED1A9F008B1BE0 /* Base */,
			);
			name = Main.storyboard;
			sourceTree = "<group>";
		};
		83C3FDB81CED1A9F008B1BE0 /* LaunchScreen.storyboard */ = {
			isa = PBXVariantGroup;
			children = (
				83C3FDB91CED1A9F008B1BE0 /* Base */,
			);
			name = LaunchScreen.storyboard;
			sourceTree = "<group>";
		};
/* End PBXVariantGroup section */

/* Begin XCBuildConfiguration section */
		83C3FDBC1CED1A9F008B1BE0 /* Debug */ = {
			isa = XCBuildConfiguration;
			buildSettings = {
				ALWAYS_SEARCH_USER_PATHS = NO;
				CLANG_ANALYZER_NONNULL = YES;
				CLANG_CXX_LANGUAGE_STANDARD = "gnu++0x";
				CLANG_CXX_LIBRARY = "libc++";
				CLANG_ENABLE_MODULES = YES;
				CLANG_ENABLE_OBJC_ARC = YES;
				CLANG_WARN_BOOL_CONVERSION = YES;
				CLANG_WARN_CONSTANT_CONVERSION = YES;
				CLANG_WARN_DIRECT_OBJC_ISA_USAGE = YES_ERROR;
				CLANG_WARN_EMPTY_BODY = YES;
				CLANG_WARN_ENUM_CONVERSION = YES;
				CLANG_WARN_INT_CONVERSION = YES;
				CLANG_WARN_OBJC_ROOT_CLASS = YES_ERROR;
				CLANG_WARN_UNREACHABLE_CODE = YES;
				CLANG_WARN__DUPLICATE_METHOD_MATCH = YES;
				"CODE_SIGN_IDENTITY[sdk=iphoneos*]" = "iPhone Developer";
				COPY_PHASE_STRIP = NO;
				DEBUG_INFORMATION_FORMAT = dwarf;
				ENABLE_STRICT_OBJC_MSGSEND = YES;
				ENABLE_TESTABILITY = YES;
				GCC_C_LANGUAGE_STANDARD = gnu99;
				GCC_DYNAMIC_NO_PIC = NO;
				GCC_NO_COMMON_BLOCKS = YES;
				GCC_OPTIMIZATION_LEVEL = 0;
				GCC_PREPROCESSOR_DEFINITIONS = (
					"DEBUG=1",
					"$(inherited)",
				);
				GCC_WARN_64_TO_32_BIT_CONVERSION = YES;
				GCC_WARN_ABOUT_RETURN_TYPE = YES_ERROR;
				GCC_WARN_UNDECLARED_SELECTOR = YES;
				GCC_WARN_UNINITIALIZED_AUTOS = YES_AGGRESSIVE;
				GCC_WARN_UNUSED_FUNCTION = YES;
				GCC_WARN_UNUSED_VARIABLE = YES;
				IPHONEOS_DEPLOYMENT_TARGET = 9.3;
				MTL_ENABLE_DEBUG_INFO = YES;
				ONLY_ACTIVE_ARCH = YES;
				SDKROOT = iphoneos;
				SWIFT_OPTIMIZATION_LEVEL = "-Onone";
				TARGETED_DEVICE_FAMILY = "1,2";
			};
			name = Debug;
		};
		83C3FDBD1CED1A9F008B1BE0 /* Release */ = {
			isa = XCBuildConfiguration;
			buildSettings = {
				ALWAYS_SEARCH_USER_PATHS = NO;
				CLANG_ANALYZER_NONNULL = YES;
				CLANG_CXX_LANGUAGE_STANDARD = "gnu++0x";
				CLANG_CXX_LIBRARY = "libc++";
				CLANG_ENABLE_MODULES = YES;
				CLANG_ENABLE_OBJC_ARC = YES;
				CLANG_WARN_BOOL_CONVERSION = YES;
				CLANG_WARN_CONSTANT_CONVERSION = YES;
				CLANG_WARN_DIRECT_OBJC_ISA_USAGE = YES_ERROR;
				CLANG_WARN_EMPTY_BODY = YES;
				CLANG_WARN_ENUM_CONVERSION = YES;
				CLANG_WARN_INT_CONVERSION = YES;
				CLANG_WARN_OBJC_ROOT_CLASS = YES_ERROR;
				CLANG_WARN_UNREACHABLE_CODE = YES;
				CLANG_WARN__DUPLICATE_METHOD_MATCH = YES;
				"CODE_SIGN_IDENTITY[sdk=iphoneos*]" = "iPhone Developer";
				COPY_PHASE_STRIP = NO;
				DEBUG_INFORMATION_FORMAT = "dwarf-with-dsym";
				ENABLE_NS_ASSERTIONS = NO;
				ENABLE_STRICT_OBJC_MSGSEND = YES;
				GCC_C_LANGUAGE_STANDARD = gnu99;
				GCC_NO_COMMON_BLOCKS = YES;
				GCC_WARN_64_TO_32_BIT_CONVERSION = YES;
				GCC_WARN_ABOUT_RETURN_TYPE = YES_ERROR;
				GCC_WARN_UNDECLARED_SELECTOR = YES;
				GCC_WARN_UNINITIALIZED_AUTOS = YES_AGGRESSIVE;
				GCC_WARN_UNUSED_FUNCTION = YES;
				GCC_WARN_UNUSED_VARIABLE = YES;
				IPHONEOS_DEPLOYMENT_TARGET = 9.3;
				MTL_ENABLE_DEBUG_INFO = NO;
				SDKROOT = iphoneos;
				TARGETED_DEVICE_FAMILY = "1,2";
				VALIDATE_PRODUCT = YES;
			};
			name = Release;
		};
		83C3FDBF1CED1A9F008B1BE0 /* Debug */ = {
			isa = XCBuildConfiguration;
			buildSettings = {
				ASSETCATALOG_COMPILER_APPICON_NAME = AppIcon;
				INFOPLIST_FILE = "Taco Finder/Info.plist";
				LD_RUNPATH_SEARCH_PATHS = "$(inherited) @executable_path/Frameworks";
				PRODUCT_BUNDLE_IDENTIFIER = com.buddybuild.tacofinder;
				PRODUCT_NAME = "$(TARGET_NAME)";
				TACO_DISPLAY_NAME = "Taco Finder";
			};
			name = Debug;
		};
		83C3FDC01CED1A9F008B1BE0 /* Release */ = {
			isa = XCBuildConfiguration;
			buildSettings = {
				ASSETCATALOG_COMPILER_APPICON_NAME = AppIcon;
				INFOPLIST_FILE = "Taco Finder/Info.plist";
				LD_RUNPATH_SEARCH_PATHS = "$(inherited) @executable_path/Frameworks";
				PRODUCT_BUNDLE_IDENTIFIER = com.buddybuild.tacofinder;
				PRODUCT_NAME = "$(TARGET_NAME)";
				TACO_DISPLAY_NAME = "Taco Finder";
			};
			name = Release;
		};
		83C3FDC11CED1CE9008B1BE0 /* Staging */ = {
			isa = XCBuildConfiguration;
			buildSettings = {
				ALWAYS_SEARCH_USER_PATHS = NO;
				CLANG_ANALYZER_NONNULL = YES;
				CLANG_CXX_LANGUAGE_STANDARD = "gnu++0x";
				CLANG_CXX_LIBRARY = "libc++";
				CLANG_ENABLE_MODULES = YES;
				CLANG_ENABLE_OBJC_ARC = YES;
				CLANG_WARN_BOOL_CONVERSION = YES;
				CLANG_WARN_CONSTANT_CONVERSION = YES;
				CLANG_WARN_DIRECT_OBJC_ISA_USAGE = YES_ERROR;
				CLANG_WARN_EMPTY_BODY = YES;
				CLANG_WARN_ENUM_CONVERSION = YES;
				CLANG_WARN_INT_CONVERSION = YES;
				CLANG_WARN_OBJC_ROOT_CLASS = YES_ERROR;
				CLANG_WARN_UNREACHABLE_CODE = YES;
				CLANG_WARN__DUPLICATE_METHOD_MATCH = YES;
				"CODE_SIGN_IDENTITY[sdk=iphoneos*]" = "iPhone Developer";
				COPY_PHASE_STRIP = NO;
				DEBUG_INFORMATION_FORMAT = "dwarf-with-dsym";
				ENABLE_NS_ASSERTIONS = NO;
				ENABLE_STRICT_OBJC_MSGSEND = YES;
				GCC_C_LANGUAGE_STANDARD = gnu99;
				GCC_NO_COMMON_BLOCKS = YES;
				GCC_WARN_64_TO_32_BIT_CONVERSION = YES;
				GCC_WARN_ABOUT_RETURN_TYPE = YES_ERROR;
				GCC_WARN_UNDECLARED_SELECTOR = YES;
				GCC_WARN_UNINITIALIZED_AUTOS = YES_AGGRESSIVE;
				GCC_WARN_UNUSED_FUNCTION = YES;
				GCC_WARN_UNUSED_VARIABLE = YES;
				IPHONEOS_DEPLOYMENT_TARGET = 9.3;
				MTL_ENABLE_DEBUG_INFO = NO;
				SDKROOT = iphoneos;
				TARGETED_DEVICE_FAMILY = "1,2";
				VALIDATE_PRODUCT = YES;
			};
			name = Staging;
		};
		83C3FDC21CED1CE9008B1BE0 /* Staging */ = {
			isa = XCBuildConfiguration;
			buildSettings = {
				ASSETCATALOG_COMPILER_APPICON_NAME = "AppIcon-Staging";
				INFOPLIST_FILE = "Taco Finder/Info.plist";
				LD_RUNPATH_SEARCH_PATHS = "$(inherited) @executable_path/Frameworks";
				PRODUCT_BUNDLE_IDENTIFIER = "com.buddybuild.tacofinder-staging";
				PRODUCT_NAME = "$(TARGET_NAME)";
				TACO_DISPLAY_NAME = "Taco Staging";
			};
			name = Staging;
		};
		843EDA5E1D343BC000363EA0 /* Debug */ = {
			isa = XCBuildConfiguration;
			buildSettings = {
				INFOPLIST_FILE = "Taco FinderUITests/Info.plist";
				LD_RUNPATH_SEARCH_PATHS = "$(inherited) @executable_path/Frameworks @loader_path/Frameworks";
				PRODUCT_BUNDLE_IDENTIFIER = "com.buddybuild.Taco-FinderUITests";
				PRODUCT_NAME = "$(TARGET_NAME)";
				TEST_TARGET_NAME = "Taco Finder";
			};
			name = Debug;
		};
		843EDA5F1D343BC000363EA0 /* Release */ = {
			isa = XCBuildConfiguration;
			buildSettings = {
				INFOPLIST_FILE = "Taco FinderUITests/Info.plist";
				LD_RUNPATH_SEARCH_PATHS = "$(inherited) @executable_path/Frameworks @loader_path/Frameworks";
				PRODUCT_BUNDLE_IDENTIFIER = "com.buddybuild.Taco-FinderUITests";
				PRODUCT_NAME = "$(TARGET_NAME)";
				TEST_TARGET_NAME = "Taco Finder";
			};
			name = Release;
		};
		843EDA601D343BC000363EA0 /* Staging */ = {
			isa = XCBuildConfiguration;
			buildSettings = {
				INFOPLIST_FILE = "Taco FinderUITests/Info.plist";
				LD_RUNPATH_SEARCH_PATHS = "$(inherited) @executable_path/Frameworks @loader_path/Frameworks";
				PRODUCT_BUNDLE_IDENTIFIER = "com.buddybuild.Taco-FinderUITests";
				PRODUCT_NAME = "$(TARGET_NAME)";
				TEST_TARGET_NAME = "Taco Finder";
			};
			name = Staging;
		};
/* End XCBuildConfiguration section */

/* Begin XCConfigurationList section */
		83C3FDA71CED1A9E008B1BE0 /* Build configuration list for PBXProject "Taco Finder" */ = {
			isa = XCConfigurationList;
			buildConfigurations = (
				83C3FDBC1CED1A9F008B1BE0 /* Debug */,
				83C3FDBD1CED1A9F008B1BE0 /* Release */,
				83C3FDC11CED1CE9008B1BE0 /* Staging */,
			);
			defaultConfigurationIsVisible = 0;
			defaultConfigurationName = Release;
		};
		83C3FDBE1CED1A9F008B1BE0 /* Build configuration list for PBXNativeTarget "Taco Finder" */ = {
			isa = XCConfigurationList;
			buildConfigurations = (
				83C3FDBF1CED1A9F008B1BE0 /* Debug */,
				83C3FDC01CED1A9F008B1BE0 /* Release */,
				83C3FDC21CED1CE9008B1BE0 /* Staging */,
			);
			defaultConfigurationIsVisible = 0;
			defaultConfigurationName = Release;
		};
		843EDA611D343BC000363EA0 /* Build configuration list for PBXNativeTarget "Taco FinderUITests" */ = {
			isa = XCConfigurationList;
			buildConfigurations = (
				843EDA5E1D343BC000363EA0 /* Debug */,
				843EDA5F1D343BC000363EA0 /* Release */,
				843EDA601D343BC000363EA0 /* Staging */,
			);
			defaultConfigurationIsVisible = 0;
		};
/* End XCConfigurationList section */
	};
	rootObject = 83C3FDA41CED1A9E008B1BE0 /* Project object */;
}
